
Microsoft Visual Studio Solution File, Format Version 12.00
# Visual Studio Version 16
VisualStudioVersion = 16.0.30711.63
MinimumVisualStudioVersion = 10.0.40219.1
Project("{FAE04EC0-301F-11D3-BF4B-00C04F79EFBC}") = "AzureBlobStorageTutorial", "AzureBlobStorageTutorial\AzureBlobStorageTutorial.csproj", "{91FF8ED1-0697-45C6-9036-36DA8F7C9641}"
EndProject
Global
	GlobalSection(SolutionConfigurationPlatforms) = preSolution
		Debug|Any CPU = Debug|Any CPU
		Release|Any CPU = Release|Any CPU
	EndGlobalSection
	GlobalSection(ProjectConfigurationPlatforms) = postSolution
		{91FF8ED1-0697-45C6-9036-36DA8F7C9641}.Debug|Any CPU.ActiveCfg = Debug|Any CPU
		{91FF8ED1-0697-45C6-9036-36DA8F7C9641}.Debug|Any CPU.Build.0 = Debug|Any CPU
		{91FF8ED1-0697-45C6-9036-36DA8F7C9641}.Release|Any CPU.ActiveCfg = Release|Any CPU
		{91FF8ED1-0697-45C6-9036-36DA8F7C9641}.Release|Any CPU.Build.0 = Release|Any CPU
	EndGlobalSection
	GlobalSection(SolutionProperties) = preSolution
		HideSolutionNode = FALSE
	EndGlobalSection
	GlobalSection(ExtensibilityGlobals) = postSolution
		SolutionGuid = {7B64E9AE-D073-4636-AD1E-7BDB03DE5BBC}
	EndGlobalSection
EndGlobal
